{
  "name": "nodejs",
  "version": "1.0.0",
  "lockfileVersion": 3,
  "requires": true,
  "packages": {
    "": {
      "name": "nodejs",
      "version": "1.0.0",
      "license": "ISC",
      "dependencies": {
        "art-template": "^4.1.0"
      }
    },
    "node_modules/art-template": {
      "version": "4.1.0",
      "resolved": "https://registry.npmjs.org/art-template/-/art-template-4.1.0.tgz",
      "integrity": "sha512-iEK4qqGPf1m5gv8873lyN54hg4DnBCXC9eY0CfGwDjS4uQ8OKmj9Nh+o5InyYqs0mbjveEpWAM1KyVLFcS3yMQ==",
      "license": "MIT",
      "dependencies": {
        "detect-node": "^2.0.3",
        "is-keyword-js": "^1.0.3",
        "js-tokens": "^3.0.1"
      },
      "engines": {
        "node": ">= 4.0.0"
      }
    },
    "node_modules/detect-node": {
      "version": "2.1.0",
      "resolved": "https://registry.npmjs.org/detect-node/-/detect-node-2.1.0.tgz",
      "integrity": "sha512-T0NIuQpnTvFDATNuHN5roPwSBG83rFsuO+MXXH9/3N1eFbn4wcPjttvjMLEPWJ0RGUYgQE7cGgS3tNxbqCGM7g==",
      "license": "MIT"
    },
    "node_modules/is-keyword-js": {
      "version": "1.0.3",
      "resolved": "https://registry.npmjs.org/is-keyword-js/-/is-keyword-js-1.0.3.tgz",
      "integrity": "sha1-rDDc81tnH0snsX9ctXI1EmAhEy0=",
      "engines": {
        "node": ">=0.10.0"
      }
    },
    "node_modules/js-tokens": {
      "version": "3.0.2",
      "resolved": "https://registry.npmjs.org/js-tokens/-/js-tokens-3.0.2.tgz",
      "integrity": "sha1-mGbfOVECEw449/mWvOtlRDIJwls="
    }
  }
}
